
Microsoft Visual Studio Solution File, Format Version 12.00
# Visual Studio 2013
VisualStudioVersion = 12.0.31101.0
MinimumVisualStudioVersion = 10.0.40219.1
Project("{2150E333-8FDC-42A3-9474-1A3956D46DE8}") = "01_UserInterface", "01_UserInterface", "{5582A3B6-4A2D-419D-8246-7643549202EC}"
EndProject
Project("{2150E333-8FDC-42A3-9474-1A3956D46DE8}") = "02_Application", "02_Application", "{9CB0FA78-7119-4C7A-A5FA-AD4026D2EED9}"
EndProject
Project("{2150E333-8FDC-42A3-9474-1A3956D46DE8}") = "03_Domain", "03_Domain", "{B37587BA-FE22-4B90-A493-458CE978F826}"
EndProject
Project("{2150E333-8FDC-42A3-9474-1A3956D46DE8}") = "04_Infrastructure", "04_Infrastructure", "{0DD158C9-4B83-434B-9F5D-6996D60BB630}"
EndProject
Project("{2150E333-8FDC-42A3-9474-1A3956D46DE8}") = "05_SolutionItems", "05_SolutionItems", "{A8379D5F-9C6E-434A-B2CD-A7BB7F521DF9}"
EndProject
Project("{FAE04EC0-301F-11D3-BF4B-00C04F79EFBC}") = "AKong.FrameWork.Data", "AKong.FrameWork.Data\AKong.FrameWork.Data.csproj", "{E89DF8BB-E0AB-455C-9638-12F249473B22}"
EndProject
Global
	GlobalSection(SolutionConfigurationPlatforms) = preSolution
		Debug|Any CPU = Debug|Any CPU
		Release|Any CPU = Release|Any CPU
	EndGlobalSection
	GlobalSection(ProjectConfigurationPlatforms) = postSolution
		{E89DF8BB-E0AB-455C-9638-12F249473B22}.Debug|Any CPU.ActiveCfg = Debug|Any CPU
		{E89DF8BB-E0AB-455C-9638-12F249473B22}.Debug|Any CPU.Build.0 = Debug|Any CPU
		{E89DF8BB-E0AB-455C-9638-12F249473B22}.Release|Any CPU.ActiveCfg = Release|Any CPU
		{E89DF8BB-E0AB-455C-9638-12F249473B22}.Release|Any CPU.Build.0 = Release|Any CPU
	EndGlobalSection
	GlobalSection(SolutionProperties) = preSolution
		HideSolutionNode = FALSE
	EndGlobalSection
	GlobalSection(NestedProjects) = preSolution
		{E89DF8BB-E0AB-455C-9638-12F249473B22} = {0DD158C9-4B83-434B-9F5D-6996D60BB630}
	EndGlobalSection
EndGlobal
